
Microsoft Visual Studio Solution File, Format Version 12.00
# Visual Studio Version 16
VisualStudioVersion = 16.0.29009.5
MinimumVisualStudioVersion = 10.0.40219.1
Project("{FAE04EC0-301F-11D3-BF4B-00C04F79EFBC}") = "IntegrationContainers.API", "IntegrationContainers.API\IntegrationContainers.API.csproj", "{726F677C-FC88-495D-9504-A95A213A4FC2}"
EndProject
Project("{FAE04EC0-301F-11D3-BF4B-00C04F79EFBC}") = "IntegrationContainers.Data", "IntegrationContainers.Data\IntegrationContainers.Data.csproj", "{5D1D6D92-B546-4F2F-8B08-EF054A0D2FE8}"
EndProject
Global
	GlobalSection(SolutionConfigurationPlatforms) = preSolution
		Debug|Any CPU = Debug|Any CPU
		Release|Any CPU = Release|Any CPU
	EndGlobalSection
	GlobalSection(ProjectConfigurationPlatforms) = postSolution
		{726F677C-FC88-495D-9504-A95A213A4FC2}.Debug|Any CPU.ActiveCfg = Debug|Any CPU
		{726F677C-FC88-495D-9504-A95A213A4FC2}.Debug|Any CPU.Build.0 = Debug|Any CPU
		{726F677C-FC88-495D-9504-A95A213A4FC2}.Release|Any CPU.ActiveCfg = Release|Any CPU
		{726F677C-FC88-495D-9504-A95A213A4FC2}.Release|Any CPU.Build.0 = Release|Any CPU
		{5D1D6D92-B546-4F2F-8B08-EF054A0D2FE8}.Debug|Any CPU.ActiveCfg = Debug|Any CPU
		{5D1D6D92-B546-4F2F-8B08-EF054A0D2FE8}.Debug|Any CPU.Build.0 = Debug|Any CPU
		{5D1D6D92-B546-4F2F-8B08-EF054A0D2FE8}.Release|Any CPU.ActiveCfg = Release|Any CPU
		{5D1D6D92-B546-4F2F-8B08-EF054A0D2FE8}.Release|Any CPU.Build.0 = Release|Any CPU
	EndGlobalSection
	GlobalSection(SolutionProperties) = preSolution
		HideSolutionNode = FALSE
	EndGlobalSection
	GlobalSection(ExtensibilityGlobals) = postSolution
		SolutionGuid = {6C11FC8B-DF97-4059-9E8A-86DD675C8622}
	EndGlobalSection
EndGlobal
